
Microsoft Visual Studio Solution File, Format Version 12.00
# Visual Studio Version 16
VisualStudioVersion = 16.0.29613.14
MinimumVisualStudioVersion = 10.0.40219.1
Project("{FAE04EC0-301F-11D3-BF4B-00C04F79EFBC}") = "HelloWorld", "HelloWorld\HelloWorld.csproj", "{CCCBB397-933E-4942-A2EB-11566ACCAA40}"
EndProject
Global
	GlobalSection(SolutionConfigurationPlatforms) = preSolution
		Debug|Any CPU = Debug|Any CPU
		Release|Any CPU = Release|Any CPU
	EndGlobalSection
	GlobalSection(ProjectConfigurationPlatforms) = postSolution
		{CCCBB397-933E-4942-A2EB-11566ACCAA40}.Debug|Any CPU.ActiveCfg = Debug|Any CPU
		{CCCBB397-933E-4942-A2EB-11566ACCAA40}.Debug|Any CPU.Build.0 = Debug|Any CPU
		{CCCBB397-933E-4942-A2EB-11566ACCAA40}.Release|Any CPU.ActiveCfg = Release|Any CPU
		{CCCBB397-933E-4942-A2EB-11566ACCAA40}.Release|Any CPU.Build.0 = Release|Any CPU
	EndGlobalSection
	GlobalSection(SolutionProperties) = preSolution
		HideSolutionNode = FALSE
	EndGlobalSection
	GlobalSection(ExtensibilityGlobals) = postSolution
		SolutionGuid = {4BA103F6-F199-478D-97D7-47B61DD527DC}
	EndGlobalSection
EndGlobal
